Microsoft Visual Studio Solution File, Format Version 12.00
# Visual Studio Version 17
VisualStudioVersion = 17.5.2.0
MinimumVisualStudioVersion = 10.0.40219.1
Project("{FAE04EC0-301F-11D3-BF4B-00C04F79EFBC}") = "singularity", "singularity.csproj", "{848912CB-0CDB-85F8-2281-419F432A6AFA}"
EndProject
Global
	GlobalSection(SolutionConfigurationPlatforms) = preSolution
		Debug|Any CPU = Debug|Any CPU
		Release|Any CPU = Release|Any CPU
	EndGlobalSection
	GlobalSection(ProjectConfigurationPlatforms) = postSolution
		{848912CB-0CDB-85F8-2281-419F432A6AFA}.Debug|Any CPU.ActiveCfg = Debug|Any CPU
		{848912CB-0CDB-85F8-2281-419F432A6AFA}.Debug|Any CPU.Build.0 = Debug|Any CPU
		{848912CB-0CDB-85F8-2281-419F432A6AFA}.Release|Any CPU.ActiveCfg = Release|Any CPU
		{848912CB-0CDB-85F8-2281-419F432A6AFA}.Release|Any CPU.Build.0 = Release|Any CPU
	EndGlobalSection
	GlobalSection(SolutionProperties) = preSolution
		HideSolutionNode = FALSE
	EndGlobalSection
	GlobalSection(ExtensibilityGlobals) = postSolution
		SolutionGuid = {6D5E3AFE-67A5-458A-9920-ECFF79C1A73D}
	EndGlobalSection
EndGlobal
